
Microsoft Visual Studio Solution File, Format Version 11.00
# Visual Studio 2010
Project("{8BC9CEB8-8B4A-11D0-8D11-00A0C91BC942}") = "InventoryManager", "InventoryManager\InventoryManager.vcxproj", "{F60D529E-1A26-4791-894A-86DB3FF6314D}"
EndProject
Global
	GlobalSection(SolutionConfigurationPlatforms) = preSolution
		Debug|Win32 = Debug|Win32
		Release|Win32 = Release|Win32
	EndGlobalSection
	GlobalSection(ProjectConfigurationPlatforms) = postSolution
		{F60D529E-1A26-4791-894A-86DB3FF6314D}.Debug|Win32.ActiveCfg = Debug|Win32
		{F60D529E-1A26-4791-894A-86DB3FF6314D}.Debug|Win32.Build.0 = Debug|Win32
		{F60D529E-1A26-4791-894A-86DB3FF6314D}.Release|Win32.ActiveCfg = Release|Win32
		{F60D529E-1A26-4791-894A-86DB3FF6314D}.Release|Win32.Build.0 = Release|Win32
	EndGlobalSection
	GlobalSection(SolutionProperties) = preSolution
		HideSolutionNode = FALSE
	EndGlobalSection
EndGlobal
